
Microsoft Visual Studio Solution File, Format Version 12.00
# Visual Studio Version 16
VisualStudioVersion = 16.0.30523.141
MinimumVisualStudioVersion = 10.0.40219.1
Project("{FAE04EC0-301F-11D3-BF4B-00C04F79EFBC}") = "week10", "week10\week10.csproj", "{F18F7F61-CF45-44D8-BD17-91F60DDBAE0E}"
EndProject
Global
	GlobalSection(SolutionConfigurationPlatforms) = preSolution
		Debug|Any CPU = Debug|Any CPU
		Release|Any CPU = Release|Any CPU
	EndGlobalSection
	GlobalSection(ProjectConfigurationPlatforms) = postSolution
		{F18F7F61-CF45-44D8-BD17-91F60DDBAE0E}.Debug|Any CPU.ActiveCfg = Debug|Any CPU
		{F18F7F61-CF45-44D8-BD17-91F60DDBAE0E}.Debug|Any CPU.Build.0 = Debug|Any CPU
		{F18F7F61-CF45-44D8-BD17-91F60DDBAE0E}.Release|Any CPU.ActiveCfg = Release|Any CPU
		{F18F7F61-CF45-44D8-BD17-91F60DDBAE0E}.Release|Any CPU.Build.0 = Release|Any CPU
	EndGlobalSection
	GlobalSection(SolutionProperties) = preSolution
		HideSolutionNode = FALSE
	EndGlobalSection
	GlobalSection(ExtensibilityGlobals) = postSolution
		SolutionGuid = {A9CFEFB0-BF37-45AC-99BD-1CBCAD8B7F50}
	EndGlobalSection
EndGlobal
